<Solution>
  <Folder Name="/src/">
    <Project Path="src/TSCP.Core/TSCP.Core.fsproj" />
    
    <Project Path="src/TSCP.CLI/TSCP.CLI.csproj" />
    <Project Path="src/TSCP.GUI/TSCP.GUI.fsproj" />
    <Project Path="src/TSCP.Server/TSCP.Server.fsproj" />
    
    <Project Path="src/TSCP.Tests/TSCP.Tests.fsproj" />
  </Folder>
</Solution>